
Microsoft Visual Studio Solution File, Format Version 12.00
# Visual Studio 15
Project("{FAE04EC0-301F-11D3-BF4B-00C04F79EFBC}") = "AstarPathfindingProject", "AstarPathfindingProject.csproj", "{7A8BCEB8-2E81-CA82-0F2A-385735DE3C39}"
EndProject
Project("{FAE04EC0-301F-11D3-BF4B-00C04F79EFBC}") = "Assembly-CSharp", "Assembly-CSharp.csproj", "{85995189-3814-14CE-7FF5-F252EE93119E}"
EndProject
Project("{FAE04EC0-301F-11D3-BF4B-00C04F79EFBC}") = "AstarPathfindingProjectEditor", "AstarPathfindingProjectEditor.csproj", "{595EDDA4-D8CB-BDAB-6C57-DCEE945E43D5}"
EndProject
Project("{FAE04EC0-301F-11D3-BF4B-00C04F79EFBC}") = "PackageToolsEditor", "PackageToolsEditor.csproj", "{977A2CF3-FE41-12C1-AD09-901415F2BF77}"
EndProject
Global
	GlobalSection(SolutionConfigurationPlatforms) = preSolution
		Debug|Any CPU = Debug|Any CPU
		Release|Any CPU = Release|Any CPU
	EndGlobalSection
	GlobalSection(ProjectConfigurationPlatforms) = postSolution
		{7A8BCEB8-2E81-CA82-0F2A-385735DE3C39}.Debug|Any CPU.ActiveCfg = Debug|Any CPU
		{7A8BCEB8-2E81-CA82-0F2A-385735DE3C39}.Debug|Any CPU.Build.0 = Debug|Any CPU
		{7A8BCEB8-2E81-CA82-0F2A-385735DE3C39}.Release|Any CPU.ActiveCfg = Release|Any CPU
		{7A8BCEB8-2E81-CA82-0F2A-385735DE3C39}.Release|Any CPU.Build.0 = Release|Any CPU
		{85995189-3814-14CE-7FF5-F252EE93119E}.Debug|Any CPU.ActiveCfg = Debug|Any CPU
		{85995189-3814-14CE-7FF5-F252EE93119E}.Debug|Any CPU.Build.0 = Debug|Any CPU
		{85995189-3814-14CE-7FF5-F252EE93119E}.Release|Any CPU.ActiveCfg = Release|Any CPU
		{85995189-3814-14CE-7FF5-F252EE93119E}.Release|Any CPU.Build.0 = Release|Any CPU
		{595EDDA4-D8CB-BDAB-6C57-DCEE945E43D5}.Debug|Any CPU.ActiveCfg = Debug|Any CPU
		{595EDDA4-D8CB-BDAB-6C57-DCEE945E43D5}.Debug|Any CPU.Build.0 = Debug|Any CPU
		{595EDDA4-D8CB-BDAB-6C57-DCEE945E43D5}.Release|Any CPU.ActiveCfg = Release|Any CPU
		{595EDDA4-D8CB-BDAB-6C57-DCEE945E43D5}.Release|Any CPU.Build.0 = Release|Any CPU
		{977A2CF3-FE41-12C1-AD09-901415F2BF77}.Debug|Any CPU.ActiveCfg = Debug|Any CPU
		{977A2CF3-FE41-12C1-AD09-901415F2BF77}.Debug|Any CPU.Build.0 = Debug|Any CPU
		{977A2CF3-FE41-12C1-AD09-901415F2BF77}.Release|Any CPU.ActiveCfg = Release|Any CPU
		{977A2CF3-FE41-12C1-AD09-901415F2BF77}.Release|Any CPU.Build.0 = Release|Any CPU
	EndGlobalSection
	GlobalSection(SolutionProperties) = preSolution
		HideSolutionNode = FALSE
	EndGlobalSection
EndGlobal
